
Microsoft Visual Studio Solution File, Format Version 12.00
# Visual Studio Version 16
VisualStudioVersion = 16.0.30002.166
MinimumVisualStudioVersion = 10.0.40219.1
Project("{FAE04EC0-301F-11D3-BF4B-00C04F79EFBC}") = "WebMvc", "WebMvc\WebMvc.csproj", "{0FCF2D27-07A5-4A79-A8C0-33E8EA914626}"
EndProject
Project("{FAE04EC0-301F-11D3-BF4B-00C04F79EFBC}") = "Business", "Business\Business.csproj", "{030A6791-F582-4D0C-9F2C-D5DE26591EF3}"
EndProject
Project("{FAE04EC0-301F-11D3-BF4B-00C04F79EFBC}") = "DataAccess", "DataAccess\DataAccess.csproj", "{15C8A6F4-6D5C-4B40-8BFC-A4533450018D}"
EndProject
Project("{FAE04EC0-301F-11D3-BF4B-00C04F79EFBC}") = "Entities", "Entities\Entities.csproj", "{CDA136D8-6E4E-48DF-9F2E-20C4DC775E23}"
EndProject
Project("{FAE04EC0-301F-11D3-BF4B-00C04F79EFBC}") = "Core", "Core\Core.csproj", "{60460EFC-B85D-4119-9E78-DA70AE305805}"
EndProject
Global
	GlobalSection(SolutionConfigurationPlatforms) = preSolution
		Debug|Any CPU = Debug|Any CPU
		Release|Any CPU = Release|Any CPU
	EndGlobalSection
	GlobalSection(ProjectConfigurationPlatforms) = postSolution
		{0FCF2D27-07A5-4A79-A8C0-33E8EA914626}.Debug|Any CPU.ActiveCfg = Debug|Any CPU
		{0FCF2D27-07A5-4A79-A8C0-33E8EA914626}.Debug|Any CPU.Build.0 = Debug|Any CPU
		{0FCF2D27-07A5-4A79-A8C0-33E8EA914626}.Release|Any CPU.ActiveCfg = Release|Any CPU
		{0FCF2D27-07A5-4A79-A8C0-33E8EA914626}.Release|Any CPU.Build.0 = Release|Any CPU
		{030A6791-F582-4D0C-9F2C-D5DE26591EF3}.Debug|Any CPU.ActiveCfg = Debug|Any CPU
		{030A6791-F582-4D0C-9F2C-D5DE26591EF3}.Debug|Any CPU.Build.0 = Debug|Any CPU
		{030A6791-F582-4D0C-9F2C-D5DE26591EF3}.Release|Any CPU.ActiveCfg = Release|Any CPU
		{030A6791-F582-4D0C-9F2C-D5DE26591EF3}.Release|Any CPU.Build.0 = Release|Any CPU
		{15C8A6F4-6D5C-4B40-8BFC-A4533450018D}.Debug|Any CPU.ActiveCfg = Debug|Any CPU
		{15C8A6F4-6D5C-4B40-8BFC-A4533450018D}.Debug|Any CPU.Build.0 = Debug|Any CPU
		{15C8A6F4-6D5C-4B40-8BFC-A4533450018D}.Release|Any CPU.ActiveCfg = Release|Any CPU
		{15C8A6F4-6D5C-4B40-8BFC-A4533450018D}.Release|Any CPU.Build.0 = Release|Any CPU
		{CDA136D8-6E4E-48DF-9F2E-20C4DC775E23}.Debug|Any CPU.ActiveCfg = Debug|Any CPU
		{CDA136D8-6E4E-48DF-9F2E-20C4DC775E23}.Debug|Any CPU.Build.0 = Debug|Any CPU
		{CDA136D8-6E4E-48DF-9F2E-20C4DC775E23}.Release|Any CPU.ActiveCfg = Release|Any CPU
		{CDA136D8-6E4E-48DF-9F2E-20C4DC775E23}.Release|Any CPU.Build.0 = Release|Any CPU
		{60460EFC-B85D-4119-9E78-DA70AE305805}.Debug|Any CPU.ActiveCfg = Debug|Any CPU
		{60460EFC-B85D-4119-9E78-DA70AE305805}.Debug|Any CPU.Build.0 = Debug|Any CPU
		{60460EFC-B85D-4119-9E78-DA70AE305805}.Release|Any CPU.ActiveCfg = Release|Any CPU
		{60460EFC-B85D-4119-9E78-DA70AE305805}.Release|Any CPU.Build.0 = Release|Any CPU
	EndGlobalSection
	GlobalSection(SolutionProperties) = preSolution
		HideSolutionNode = FALSE
	EndGlobalSection
	GlobalSection(ExtensibilityGlobals) = postSolution
		SolutionGuid = {09B5213D-C893-47C4-8DCB-18C46F8861A0}
	EndGlobalSection
EndGlobal
